
Microsoft Visual Studio Solution File, Format Version 12.00
# Visual Studio Version 16
VisualStudioVersion = 16.0.30523.141
MinimumVisualStudioVersion = 10.0.40219.1
Project("{FAE04EC0-301F-11D3-BF4B-00C04F79EFBC}") = "Test", "Test\Test.csproj", "{4EF49668-2F8C-460D-ABDC-069234C74105}"
EndProject
Global
	GlobalSection(SolutionConfigurationPlatforms) = preSolution
		Debug|Any CPU = Debug|Any CPU
		Release|Any CPU = Release|Any CPU
	EndGlobalSection
	GlobalSection(ProjectConfigurationPlatforms) = postSolution
		{4EF49668-2F8C-460D-ABDC-069234C74105}.Debug|Any CPU.ActiveCfg = Debug|Any CPU
		{4EF49668-2F8C-460D-ABDC-069234C74105}.Debug|Any CPU.Build.0 = Debug|Any CPU
		{4EF49668-2F8C-460D-ABDC-069234C74105}.Release|Any CPU.ActiveCfg = Release|Any CPU
		{4EF49668-2F8C-460D-ABDC-069234C74105}.Release|Any CPU.Build.0 = Release|Any CPU
	EndGlobalSection
	GlobalSection(SolutionProperties) = preSolution
		HideSolutionNode = FALSE
	EndGlobalSection
	GlobalSection(ExtensibilityGlobals) = postSolution
		SolutionGuid = {23F62101-28AF-4BCA-8AE7-A0260E21C5FE}
	EndGlobalSection
EndGlobal
